
Microsoft Visual Studio Solution File, Format Version 12.00
# Visual Studio 14
VisualStudioVersion = 14.0.25420.1
MinimumVisualStudioVersion = 10.0.40219.1
Project("{FAE04EC0-301F-11D3-BF4B-00C04F79EFBC}") = "LabNumber4", "LabNumber4\LabNumber4.csproj", "{6F066E23-FBE0-4B18-8433-023086C8EB43}"
EndProject
Project("{FAE04EC0-301F-11D3-BF4B-00C04F79EFBC}") = "TestLab4", "TestLab4\TestLab4.csproj", "{8E5B9753-ED1A-43FF-A306-22A2CE560961}"
EndProject
Global
	GlobalSection(SolutionConfigurationPlatforms) = preSolution
		Debug|Any CPU = Debug|Any CPU
		Release|Any CPU = Release|Any CPU
	EndGlobalSection
	GlobalSection(ProjectConfigurationPlatforms) = postSolution
		{6F066E23-FBE0-4B18-8433-023086C8EB43}.Debug|Any CPU.ActiveCfg = Debug|Any CPU
		{6F066E23-FBE0-4B18-8433-023086C8EB43}.Debug|Any CPU.Build.0 = Debug|Any CPU
		{6F066E23-FBE0-4B18-8433-023086C8EB43}.Release|Any CPU.ActiveCfg = Release|Any CPU
		{6F066E23-FBE0-4B18-8433-023086C8EB43}.Release|Any CPU.Build.0 = Release|Any CPU
		{8E5B9753-ED1A-43FF-A306-22A2CE560961}.Debug|Any CPU.ActiveCfg = Debug|Any CPU
		{8E5B9753-ED1A-43FF-A306-22A2CE560961}.Debug|Any CPU.Build.0 = Debug|Any CPU
		{8E5B9753-ED1A-43FF-A306-22A2CE560961}.Release|Any CPU.ActiveCfg = Release|Any CPU
		{8E5B9753-ED1A-43FF-A306-22A2CE560961}.Release|Any CPU.Build.0 = Release|Any CPU
	EndGlobalSection
	GlobalSection(SolutionProperties) = preSolution
		HideSolutionNode = FALSE
	EndGlobalSection
EndGlobal
